
Microsoft Visual Studio Solution File, Format Version 12.00
# Visual Studio Version 17
VisualStudioVersion = 17.7.34031.279
MinimumVisualStudioVersion = 10.0.40219.1
Project("{FAE04EC0-301F-11D3-BF4B-00C04F79EFBC}") = "pizza", "pizza\pizza.csproj", "{4E7B520D-6624-489A-A14E-3C6A9D6CCCDA}"
EndProject
Global
	GlobalSection(SolutionConfigurationPlatforms) = preSolution
		Debug|Any CPU = Debug|Any CPU
		Release|Any CPU = Release|Any CPU
	EndGlobalSection
	GlobalSection(ProjectConfigurationPlatforms) = postSolution
		{4E7B520D-6624-489A-A14E-3C6A9D6CCCDA}.Debug|Any CPU.ActiveCfg = Debug|Any CPU
		{4E7B520D-6624-489A-A14E-3C6A9D6CCCDA}.Debug|Any CPU.Build.0 = Debug|Any CPU
		{4E7B520D-6624-489A-A14E-3C6A9D6CCCDA}.Release|Any CPU.ActiveCfg = Release|Any CPU
		{4E7B520D-6624-489A-A14E-3C6A9D6CCCDA}.Release|Any CPU.Build.0 = Release|Any CPU
	EndGlobalSection
	GlobalSection(SolutionProperties) = preSolution
		HideSolutionNode = FALSE
	EndGlobalSection
	GlobalSection(ExtensibilityGlobals) = postSolution
		SolutionGuid = {032A1437-1739-4FB3-9CFA-759310ABA929}
	EndGlobalSection
EndGlobal
